{
  "name": "creador-de-minutas",
  "version": "0.5.0",
  "lockfileVersion": 1,
  "requires": true,
  "dependencies": {
    "@xmldom/xmldom": {
      "version": "0.7.5",
      "resolved": "https://registry.npmjs.org/@xmldom/xmldom/-/xmldom-0.7.5.tgz",
      "integrity": "sha512-V3BIhmY36fXZ1OtVcI9W+FxQqxVLsPKcNjWigIaa81dLC9IolJl5Mt4Cvhmr0flUnjSpTdrbMTSbXqYqV5dT6A=="
    },
    "axios": {
      "version": "0.24.0",
      "resolved": "https://registry.npmjs.org/axios/-/axios-0.24.0.tgz",
      "integrity": "sha512-Q6cWsys88HoPgAaFAVUb0WpPk0O8iTeisR9IMqy9G8AbO4NlpVknrnQS03zzF9PGAWgO3cgletO3VjV/P7VztA==",
      "requires": {
        "follow-redirects": "^1.14.4"
      }
    },
    "docxtemplater": {
      "version": "3.28.2",
      "resolved": "https://registry.npmjs.org/docxtemplater/-/docxtemplater-3.28.2.tgz",
      "integrity": "sha512-i1UHcQjigFNOlwdTWcYvWM/yDZYnjH6YMu8hWipjFWTToSeXFI9HyhiirA0NTz59zaIBpo2k/HFCFATTxSHjnA==",
      "requires": {
        "@xmldom/xmldom": "^0.7.5"
      }
    },
    "follow-redirects": {
      "version": "1.14.6",
      "resolved": "https://registry.npmjs.org/follow-redirects/-/follow-redirects-1.14.6.tgz",
      "integrity": "sha512-fhUl5EwSJbbl8AR+uYL2KQDxLkdSjZGR36xy46AO7cOMTrCMON6Sa28FmAnC2tRTDbd/Uuzz3aJBv7EBN7JH8A=="
    },
    "jc_numeros_letras": {
      "version": "1.0.4",
      "resolved": "https://registry.npmjs.org/jc_numeros_letras/-/jc_numeros_letras-1.0.4.tgz",
      "integrity": "sha512-SAC6irsxscFccNkIZB5h6gIH9dDPtm2hj8CB91LDSC0++ILCBgp42QFYwVDKuVsYsK6XKjIs1pZm8wLOpRGlhg=="
    },
    "pako": {
      "version": "2.0.4",
      "resolved": "https://registry.npmjs.org/pako/-/pako-2.0.4.tgz",
      "integrity": "sha512-v8tweI900AUkZN6heMU/4Uy4cXRc2AYNRggVmTR+dEncawDJgCdLMximOVA2p4qO57WMynangsfGRb5WD6L1Bg=="
    },
    "pizzip": {
      "version": "3.1.1",
      "resolved": "https://registry.npmjs.org/pizzip/-/pizzip-3.1.1.tgz",
      "integrity": "sha512-+SYbkj87i+/4LR2F0lIeLTRFg95aj14OhGka988Jg8HiXZVOifdBIWaKZTnfZFvvUl5torCXQ/e+wZ6D23hPuQ==",
      "requires": {
        "pako": "^2.0.4"
      }
    }
  }
}
